
Microsoft Visual Studio Solution File, Format Version 12.00
# Visual Studio 15
VisualStudioVersion = 15.0.26730.16
MinimumVisualStudioVersion = 10.0.40219.1
Project("{FAE04EC0-301F-11D3-BF4B-00C04F79EFBC}") = "AzureMobileServiceAuthAngular", "AzureMobileServiceAuthAngular\AzureMobileServiceAuthAngular.csproj", "{54F03C1C-D54F-438D-AACC-78F29B000A91}"
EndProject
Global
	GlobalSection(SolutionConfigurationPlatforms) = preSolution
		Debug|Any CPU = Debug|Any CPU
		Release|Any CPU = Release|Any CPU
	EndGlobalSection
	GlobalSection(ProjectConfigurationPlatforms) = postSolution
		{54F03C1C-D54F-438D-AACC-78F29B000A91}.Debug|Any CPU.ActiveCfg = Debug|Any CPU
		{54F03C1C-D54F-438D-AACC-78F29B000A91}.Debug|Any CPU.Build.0 = Debug|Any CPU
		{54F03C1C-D54F-438D-AACC-78F29B000A91}.Release|Any CPU.ActiveCfg = Release|Any CPU
		{54F03C1C-D54F-438D-AACC-78F29B000A91}.Release|Any CPU.Build.0 = Release|Any CPU
	EndGlobalSection
	GlobalSection(SolutionProperties) = preSolution
		HideSolutionNode = FALSE
	EndGlobalSection
	GlobalSection(ExtensibilityGlobals) = postSolution
		SolutionGuid = {C8AE0BCD-63D2-4E7B-8C19-6A44DD0474DA}
	EndGlobalSection
EndGlobal
